
Microsoft Visual Studio Solution File, Format Version 12.00
# Visual Studio 14
VisualStudioVersion = 14.0.23107.0
MinimumVisualStudioVersion = 10.0.40219.1
Project("{FAE04EC0-301F-11D3-BF4B-00C04F79EFBC}") = "GoldpointA", "GoldpointA\GoldpointA.csproj", "{8678B134-A78D-4EB6-80C5-988C643372BC}"
EndProject
Project("{54435603-DBB4-11D2-8724-00A0C9A8B90C}") = "Goldenpoint Alpha1", "Goldenpoint Alpha1\Goldenpoint Alpha1.vdproj", "{76093B1E-DD11-4628-A479-1486E9C31312}"
EndProject
Global
	GlobalSection(SolutionConfigurationPlatforms) = preSolution
		Debug|Any CPU = Debug|Any CPU
		Release|Any CPU = Release|Any CPU
	EndGlobalSection
	GlobalSection(ProjectConfigurationPlatforms) = postSolution
		{8678B134-A78D-4EB6-80C5-988C643372BC}.Debug|Any CPU.ActiveCfg = Debug|Any CPU
		{8678B134-A78D-4EB6-80C5-988C643372BC}.Debug|Any CPU.Build.0 = Debug|Any CPU
		{8678B134-A78D-4EB6-80C5-988C643372BC}.Release|Any CPU.ActiveCfg = Release|Any CPU
		{8678B134-A78D-4EB6-80C5-988C643372BC}.Release|Any CPU.Build.0 = Release|Any CPU
		{76093B1E-DD11-4628-A479-1486E9C31312}.Debug|Any CPU.ActiveCfg = Debug
		{76093B1E-DD11-4628-A479-1486E9C31312}.Release|Any CPU.ActiveCfg = Release
	EndGlobalSection
	GlobalSection(SolutionProperties) = preSolution
		HideSolutionNode = FALSE
	EndGlobalSection
EndGlobal
