
Microsoft Visual Studio Solution File, Format Version 12.00
# Visual Studio Version 16
VisualStudioVersion = 16.0.29411.108
MinimumVisualStudioVersion = 10.0.40219.1
Project("{FAE04EC0-301F-11D3-BF4B-00C04F79EFBC}") = "WindowsFormsApplication1", "WindowsFormsApplication1\WindowsFormsApplication1.csproj", "{07C74617-98C9-4430-84B6-EBC4EECB69B5}"
EndProject
Project("{9A19103F-16F7-4668-BE54-9A1E7A4F7556}") = "Aispace", "C:\Users\user JJL\Desktop\12345\WindowsFormsApplication2\Aispace\Aispace.csproj", "{2095263E-CD91-4564-8B11-901602067C72}"
EndProject
Project("{9A19103F-16F7-4668-BE54-9A1E7A4F7556}") = "GPointSpace", "C:\Users\user JJL\Desktop\12345\WindowsFormsApplication2\GPointSpace\GPointSpace.csproj", "{5366C088-3DB5-443E-8632-3037C6DB1EC5}"
EndProject
Project("{FAE04EC0-301F-11D3-BF4B-00C04F79EFBC}") = "database", "C:\Users\user JJL\Desktop\ConsoleApplication1\database.csproj", "{C1F80043-9692-4F46-A888-9B76690FBBE1}"
EndProject
Global
	GlobalSection(SolutionConfigurationPlatforms) = preSolution
		Debug|Any CPU = Debug|Any CPU
		Release|Any CPU = Release|Any CPU
	EndGlobalSection
	GlobalSection(ProjectConfigurationPlatforms) = postSolution
		{07C74617-98C9-4430-84B6-EBC4EECB69B5}.Debug|Any CPU.ActiveCfg = Debug|Any CPU
		{07C74617-98C9-4430-84B6-EBC4EECB69B5}.Debug|Any CPU.Build.0 = Debug|Any CPU
		{07C74617-98C9-4430-84B6-EBC4EECB69B5}.Release|Any CPU.ActiveCfg = Release|Any CPU
		{07C74617-98C9-4430-84B6-EBC4EECB69B5}.Release|Any CPU.Build.0 = Release|Any CPU
		{2095263E-CD91-4564-8B11-901602067C72}.Debug|Any CPU.ActiveCfg = Debug|Any CPU
		{2095263E-CD91-4564-8B11-901602067C72}.Debug|Any CPU.Build.0 = Debug|Any CPU
		{2095263E-CD91-4564-8B11-901602067C72}.Release|Any CPU.ActiveCfg = Release|Any CPU
		{2095263E-CD91-4564-8B11-901602067C72}.Release|Any CPU.Build.0 = Release|Any CPU
		{5366C088-3DB5-443E-8632-3037C6DB1EC5}.Debug|Any CPU.ActiveCfg = Debug|Any CPU
		{5366C088-3DB5-443E-8632-3037C6DB1EC5}.Debug|Any CPU.Build.0 = Debug|Any CPU
		{5366C088-3DB5-443E-8632-3037C6DB1EC5}.Release|Any CPU.ActiveCfg = Release|Any CPU
		{5366C088-3DB5-443E-8632-3037C6DB1EC5}.Release|Any CPU.Build.0 = Release|Any CPU
		{C1F80043-9692-4F46-A888-9B76690FBBE1}.Debug|Any CPU.ActiveCfg = Debug|Any CPU
		{C1F80043-9692-4F46-A888-9B76690FBBE1}.Debug|Any CPU.Build.0 = Debug|Any CPU
		{C1F80043-9692-4F46-A888-9B76690FBBE1}.Release|Any CPU.ActiveCfg = Release|Any CPU
		{C1F80043-9692-4F46-A888-9B76690FBBE1}.Release|Any CPU.Build.0 = Release|Any CPU
	EndGlobalSection
	GlobalSection(SolutionProperties) = preSolution
		HideSolutionNode = FALSE
	EndGlobalSection
	GlobalSection(ExtensibilityGlobals) = postSolution
		SolutionGuid = {66E9E7DF-560C-434F-BBB6-43E94F701B70}
	EndGlobalSection
EndGlobal
